{
  "name": "test",
  "version": "1.0.0",
  "lockfileVersion": 2,
  "requires": true,
  "packages": {
    "": {
      "name": "test",
      "version": "1.0.0",
      "license": "ISC",
      "dependencies": {
        "q-fetch": "file:.."
      }
    },
    "..": {
      "version": "1.0.0",
      "license": "ISC",
      "dependencies": {
        "node-fetch": "^3.3.0"
      },
      "devDependencies": {
        "typescript": "^4.9.5"
      }
    },
    "node_modules/q-fetch": {
      "resolved": "..",
      "link": true
    }
  },
  "dependencies": {
    "q-fetch": {
      "version": "file:..",
      "requires": {
        "node-fetch": "^3.3.0",
        "typescript": "^4.9.5"
      }
    }
  }
}
