{
  "name": "test",
  "version": "1.0.0",
  "lockfileVersion": 2,
  "requires": true,
  "packages": {
    "": {
      "name": "test",
      "version": "1.0.0",
      "license": "ISC",
      "dependencies": {
        "@adnaniqbal/fetch": "file: ../."
      }
    },
    " ..": {},
    "node_modules/@adnaniqbal/fetch": {
      "resolved": " ..",
      "link": true
    },
    "q-fetch": {
      "extraneous": true
    }
  },
  "dependencies": {
    "@adnaniqbal/fetch": {
      "version": "file: .."
    }
  }
}
